
Microsoft Visual Studio Solution File, Format Version 12.00
# Visual Studio Version 16
VisualStudioVersion = 16.0.29102.190
MinimumVisualStudioVersion = 10.0.40219.1
Project("{9A19103F-16F7-4668-BE54-9A1E7A4F7556}") = "Data Structures", "Queue\Data Structures.csproj", "{425DFFBF-6AAB-4801-A398-091FD945CDE3}"
EndProject
Global
	GlobalSection(SolutionConfigurationPlatforms) = preSolution
		Debug|Any CPU = Debug|Any CPU
		Release|Any CPU = Release|Any CPU
	EndGlobalSection
	GlobalSection(ProjectConfigurationPlatforms) = postSolution
		{425DFFBF-6AAB-4801-A398-091FD945CDE3}.Debug|Any CPU.ActiveCfg = Debug|Any CPU
		{425DFFBF-6AAB-4801-A398-091FD945CDE3}.Debug|Any CPU.Build.0 = Debug|Any CPU
		{425DFFBF-6AAB-4801-A398-091FD945CDE3}.Release|Any CPU.ActiveCfg = Release|Any CPU
		{425DFFBF-6AAB-4801-A398-091FD945CDE3}.Release|Any CPU.Build.0 = Release|Any CPU
	EndGlobalSection
	GlobalSection(SolutionProperties) = preSolution
		HideSolutionNode = FALSE
	EndGlobalSection
	GlobalSection(ExtensibilityGlobals) = postSolution
		SolutionGuid = {0D7FA2DD-AB78-4E59-80D7-1A287911435B}
	EndGlobalSection
EndGlobal
